// !$*UTF8*$!
{
	archiveVersion = 1;
	classes = {
	};
	objectVersion = 46;
	objects = {

/* Begin PBXBuildFile section */
		EF10E6551E7C1473003ABF5E /* ContactTableViewCell.swift in Sources */ = {isa = PBXBuildFile; fileRef = EF10E6541E7C1473003ABF5E /* ContactTableViewCell.swift */; };
		EF10E6571E7C27FE003ABF5E /* ProfileImageController.swift in Sources */ = {isa = PBXBuildFile; fileRef = EF10E6561E7C27FE003ABF5E /* ProfileImageController.swift */; };
		EF9AC1BB1E76DED0007B58FF /* AppDelegate.swift in Sources */ = {isa = PBXBuildFile; fileRef = EF9AC1BA1E76DED0007B58FF /* AppDelegate.swift */; };
		EF9AC1BD1E76DED0007B58FF /* ContactsController.swift in Sources */ = {isa = PBXBuildFile; fileRef = EF9AC1BC1E76DED0007B58FF /* ContactsController.swift */; };
		EF9AC1BF1E76DED0007B58FF /* ChatController.swift in Sources */ = {isa = PBXBuildFile; fileRef = EF9AC1BE1E76DED0007B58FF /* ChatController.swift */; };
		EF9AC1C21E76DED0007B58FF /* Main.storyboard in Resources */ = {isa = PBXBuildFile; fileRef = EF9AC1C01E76DED0007B58FF /* Main.storyboard */; };
		EF9AC1C41E76DED0007B58FF /* Assets.xcassets in Resources */ = {isa = PBXBuildFile; fileRef = EF9AC1C31E76DED0007B58FF /* Assets.xcassets */; };
		EF9AC1C71E76DED0007B58FF /* LaunchScreen.storyboard in Resources */ = {isa = PBXBuildFile; fileRef = EF9AC1C51E76DED0007B58FF /* LaunchScreen.storyboard */; };
		EF9AC1D21E76DED0007B58FF /* CloudKit_ChatTests.swift in Sources */ = {isa = PBXBuildFile; fileRef = EF9AC1D11E76DED0007B58FF /* CloudKit_ChatTests.swift */; };
		EF9AC1DD1E76DED0007B58FF /* CloudKit_ChatUITests.swift in Sources */ = {isa = PBXBuildFile; fileRef = EF9AC1DC1E76DED0007B58FF /* CloudKit_ChatUITests.swift */; };
		EFFB2ED81E76E8FB009AAC46 /* CloudKit.framework in Frameworks */ = {isa = PBXBuildFile; fileRef = EFFB2ED71E76E8FB009AAC46 /* CloudKit.framework */; };
		EFFB2EDA1E77C2A4009AAC46 /* CloudController.swift in Sources */ = {isa = PBXBuildFile; fileRef = EFFB2ED91E77C2A4009AAC46 /* CloudController.swift */; };
/* End PBXBuildFile section */

/* Begin PBXContainerItemProxy section */
		EF9AC1CE1E76DED0007B58FF /* PBXContainerItemProxy */ = {
			isa = PBXContainerItemProxy;
			containerPortal = EF9AC1AF1E76DECF007B58FF /* Project object */;
			proxyType = 1;
			remoteGlobalIDString = EF9AC1B61E76DECF007B58FF;
			remoteInfo = CloudKit_Chat;
		};
		EF9AC1D91E76DED0007B58FF /* PBXContainerItemProxy */ = {
			isa = PBXContainerItemProxy;
			containerPortal = EF9AC1AF1E76DECF007B58FF /* Project object */;
			proxyType = 1;
			remoteGlobalIDString = EF9AC1B61E76DECF007B58FF;
			remoteInfo = CloudKit_Chat;
		};
/* End PBXContainerItemProxy section */

/* Begin PBXFileReference section */
		EF10E6541E7C1473003ABF5E /* ContactTableViewCell.swift */ = {isa = PBXFileReference; fileEncoding = 4; lastKnownFileType = sourcecode.swift; path = ContactTableViewCell.swift; sourceTree = "<group>"; };
		EF10E6561E7C27FE003ABF5E /* ProfileImageController.swift */ = {isa = PBXFileReference; fileEncoding = 4; lastKnownFileType = sourcecode.swift; path = ProfileImageController.swift; sourceTree = "<group>"; };
		EF9AC1B71E76DED0007B58FF /* CloudKit_Chat.app */ = {isa = PBXFileReference; explicitFileType = wrapper.application; includeInIndex = 0; path = CloudKit_Chat.app; sourceTree = BUILT_PRODUCTS_DIR; };
		EF9AC1BA1E76DED0007B58FF /* AppDelegate.swift */ = {isa = PBXFileReference; lastKnownFileType = sourcecode.swift; path = AppDelegate.swift; sourceTree = "<group>"; };
		EF9AC1BC1E76DED0007B58FF /* ContactsController.swift */ = {isa = PBXFileReference; lastKnownFileType = sourcecode.swift; path = ContactsController.swift; sourceTree = "<group>"; };
		EF9AC1BE1E76DED0007B58FF /* ChatController.swift */ = {isa = PBXFileReference; lastKnownFileType = sourcecode.swift; path = ChatController.swift; sourceTree = "<group>"; };
		EF9AC1C11E76DED0007B58FF /* Base */ = {isa = PBXFileReference; lastKnownFileType = file.storyboard; name = Base; path = Base.lproj/Main.storyboard; sourceTree = "<group>"; };
		EF9AC1C31E76DED0007B58FF /* Assets.xcassets */ = {isa = PBXFileReference; lastKnownFileType = folder.assetcatalog; path = Assets.xcassets; sourceTree = "<group>"; };
		EF9AC1C61E76DED0007B58FF /* Base */ = {isa = PBXFileReference; lastKnownFileType = file.storyboard; name = Base; path = Base.lproj/LaunchScreen.storyboard; sourceTree = "<group>"; };
		EF9AC1C81E76DED0007B58FF /* Info.plist */ = {isa = PBXFileReference; lastKnownFileType = text.plist.xml; path = Info.plist; sourceTree = "<group>"; };
		EF9AC1CD1E76DED0007B58FF /* CloudKit_ChatTests.xctest */ = {isa = PBXFileReference; explicitFileType = wrapper.cfbundle; includeInIndex = 0; path = CloudKit_ChatTests.xctest; sourceTree = BUILT_PRODUCTS_DIR; };
		EF9AC1D11E76DED0007B58FF /* CloudKit_ChatTests.swift */ = {isa = PBXFileReference; lastKnownFileType = sourcecode.swift; path = CloudKit_ChatTests.swift; sourceTree = "<group>"; };
		EF9AC1D31E76DED0007B58FF /* Info.plist */ = {isa = PBXFileReference; lastKnownFileType = text.plist.xml; path = Info.plist; sourceTree = "<group>"; };
		EF9AC1D81E76DED0007B58FF /* CloudKit_ChatUITests.xctest */ = {isa = PBXFileReference; explicitFileType = wrapper.cfbundle; includeInIndex = 0; path = CloudKit_ChatUITests.xctest; sourceTree = BUILT_PRODUCTS_DIR; };
		EF9AC1DC1E76DED0007B58FF /* CloudKit_ChatUITests.swift */ = {isa = PBXFileReference; lastKnownFileType = sourcecode.swift; path = CloudKit_ChatUITests.swift; sourceTree = "<group>"; };
		EF9AC1DE1E76DED0007B58FF /* Info.plist */ = {isa = PBXFileReference; lastKnownFileType = text.plist.xml; path = Info.plist; sourceTree = "<group>"; };
		EFFB2ED51E76E8F0009AAC46 /* CloudKit_Chat.entitlements */ = {isa = PBXFileReference; lastKnownFileType = text.plist.entitlements; path = CloudKit_Chat.entitlements; sourceTree = "<group>"; };
		EFFB2ED71E76E8FB009AAC46 /* CloudKit.framework */ = {isa = PBXFileReference; lastKnownFileType = wrapper.framework; name = CloudKit.framework; path = System/Library/Frameworks/CloudKit.framework; sourceTree = SDKROOT; };
		EFFB2ED91E77C2A4009AAC46 /* CloudController.swift */ = {isa = PBXFileReference; fileEncoding = 4; lastKnownFileType = sourcecode.swift; name = CloudController.swift; path = CloudKit_Chat/CloudController.swift; sourceTree = "<group>"; };
/* End PBXFileReference section */

/* Begin PBXFrameworksBuildPhase section */
		EF9AC1B41E76DECF007B58FF /* Frameworks */ = {
			isa = PBXFrameworksBuildPhase;
			buildActionMask = 2147483647;
			files = (
				EFFB2ED81E76E8FB009AAC46 /* CloudKit.framework in Frameworks */,
			);
			runOnlyForDeploymentPostprocessing = 0;
		};
		EF9AC1CA1E76DED0007B58FF /* Frameworks */ = {
			isa = PBXFrameworksBuildPhase;
			buildActionMask = 2147483647;
			files = (
			);
			runOnlyForDeploymentPostprocessing = 0;
		};
		EF9AC1D51E76DED0007B58FF /* Frameworks */ = {
			isa = PBXFrameworksBuildPhase;
			buildActionMask = 2147483647;
			files = (
			);
			runOnlyForDeploymentPostprocessing = 0;
		};
/* End PBXFrameworksBuildPhase section */

/* Begin PBXGroup section */
		EF9AC1AE1E76DECF007B58FF = {
			isa = PBXGroup;
			children = (
				EFFB2ED91E77C2A4009AAC46 /* CloudController.swift */,
				EF9AC1B91E76DED0007B58FF /* CloudKit_Chat */,
				EF9AC1D01E76DED0007B58FF /* CloudKit_ChatTests */,
				EF9AC1DB1E76DED0007B58FF /* CloudKit_ChatUITests */,
				EF9AC1B81E76DED0007B58FF /* Products */,
				EFFB2ED61E76E8FB009AAC46 /* Frameworks */,
			);
			sourceTree = "<group>";
		};
		EF9AC1B81E76DED0007B58FF /* Products */ = {
			isa = PBXGroup;
			children = (
				EF9AC1B71E76DED0007B58FF /* CloudKit_Chat.app */,
				EF9AC1CD1E76DED0007B58FF /* CloudKit_ChatTests.xctest */,
				EF9AC1D81E76DED0007B58FF /* CloudKit_ChatUITests.xctest */,
			);
			name = Products;
			sourceTree = "<group>";
		};
		EF9AC1B91E76DED0007B58FF /* CloudKit_Chat */ = {
			isa = PBXGroup;
			children = (
				EFFB2ED51E76E8F0009AAC46 /* CloudKit_Chat.entitlements */,
				EF9AC1BA1E76DED0007B58FF /* AppDelegate.swift */,
				EF9AC1BC1E76DED0007B58FF /* ContactsController.swift */,
				EF9AC1BE1E76DED0007B58FF /* ChatController.swift */,
				EF9AC1C01E76DED0007B58FF /* Main.storyboard */,
				EF9AC1C31E76DED0007B58FF /* Assets.xcassets */,
				EF9AC1C51E76DED0007B58FF /* LaunchScreen.storyboard */,
				EF9AC1C81E76DED0007B58FF /* Info.plist */,
				EF10E6541E7C1473003ABF5E /* ContactTableViewCell.swift */,
				EF10E6561E7C27FE003ABF5E /* ProfileImageController.swift */,
			);
			path = CloudKit_Chat;
			sourceTree = "<group>";
		};
		EF9AC1D01E76DED0007B58FF /* CloudKit_ChatTests */ = {
			isa = PBXGroup;
			children = (
				EF9AC1D11E76DED0007B58FF /* CloudKit_ChatTests.swift */,
				EF9AC1D31E76DED0007B58FF /* Info.plist */,
			);
			path = CloudKit_ChatTests;
			sourceTree = "<group>";
		};
		EF9AC1DB1E76DED0007B58FF /* CloudKit_ChatUITests */ = {
			isa = PBXGroup;
			children = (
				EF9AC1DC1E76DED0007B58FF /* CloudKit_ChatUITests.swift */,
				EF9AC1DE1E76DED0007B58FF /* Info.plist */,
			);
			path = CloudKit_ChatUITests;
			sourceTree = "<group>";
		};
		EFFB2ED61E76E8FB009AAC46 /* Frameworks */ = {
			isa = PBXGroup;
			children = (
				EFFB2ED71E76E8FB009AAC46 /* CloudKit.framework */,
			);
			name = Frameworks;
			sourceTree = "<group>";
		};
/* End PBXGroup section */

/* Begin PBXNativeTarget section */
		EF9AC1B61E76DECF007B58FF /* CloudKit_Chat */ = {
			isa = PBXNativeTarget;
			buildConfigurationList = EF9AC1E11E76DED0007B58FF /* Build configuration list for PBXNativeTarget "CloudKit_Chat" */;
			buildPhases = (
				EF9AC1B31E76DECF007B58FF /* Sources */,
				EF9AC1B41E76DECF007B58FF /* Frameworks */,
				EF9AC1B51E76DECF007B58FF /* Resources */,
			);
			buildRules = (
			);
			dependencies = (
			);
			name = CloudKit_Chat;
			productName = CloudKit_Chat;
			productReference = EF9AC1B71E76DED0007B58FF /* CloudKit_Chat.app */;
			productType = "com.apple.product-type.application";
		};
		EF9AC1CC1E76DED0007B58FF /* CloudKit_ChatTests */ = {
			isa = PBXNativeTarget;
			buildConfigurationList = EF9AC1E41E76DED0007B58FF /* Build configuration list for PBXNativeTarget "CloudKit_ChatTests" */;
			buildPhases = (
				EF9AC1C91E76DED0007B58FF /* Sources */,
				EF9AC1CA1E76DED0007B58FF /* Frameworks */,
				EF9AC1CB1E76DED0007B58FF /* Resources */,
			);
			buildRules = (
			);
			dependencies = (
				EF9AC1CF1E76DED0007B58FF /* PBXTargetDependency */,
			);
			name = CloudKit_ChatTests;
			productName = CloudKit_ChatTests;
			productReference = EF9AC1CD1E76DED0007B58FF /* CloudKit_ChatTests.xctest */;
			productType = "com.apple.product-type.bundle.unit-test";
		};
		EF9AC1D71E76DED0007B58FF /* CloudKit_ChatUITests */ = {
			isa = PBXNativeTarget;
			buildConfigurationList = EF9AC1E71E76DED0007B58FF /* Build configuration list for PBXNativeTarget "CloudKit_ChatUITests" */;
			buildPhases = (
				EF9AC1D41E76DED0007B58FF /* Sources */,
				EF9AC1D51E76DED0007B58FF /* Frameworks */,
				EF9AC1D61E76DED0007B58FF /* Resources */,
			);
			buildRules = (
			);
			dependencies = (
				EF9AC1DA1E76DED0007B58FF /* PBXTargetDependency */,
			);
			name = CloudKit_ChatUITests;
			productName = CloudKit_ChatUITests;
			productReference = EF9AC1D81E76DED0007B58FF /* CloudKit_ChatUITests.xctest */;
			productType = "com.apple.product-type.bundle.ui-testing";
		};
/* End PBXNativeTarget section */

/* Begin PBXProject section */
		EF9AC1AF1E76DECF007B58FF /* Project object */ = {
			isa = PBXProject;
			attributes = {
				LastSwiftUpdateCheck = 0820;
				LastUpgradeCheck = 0820;
				ORGANIZATIONNAME = "Jarosław Pawlak";
				TargetAttributes = {
					EF9AC1B61E76DECF007B58FF = {
						CreatedOnToolsVersion = 8.2.1;
						DevelopmentTeam = R4G5TP45S2;
						ProvisioningStyle = Automatic;
						SystemCapabilities = {
							com.apple.BackgroundModes = {
								enabled = 1;
							};
							com.apple.Push = {
								enabled = 1;
							};
							com.apple.iCloud = {
								enabled = 1;
							};
						};
					};
					EF9AC1CC1E76DED0007B58FF = {
						CreatedOnToolsVersion = 8.2.1;
						DevelopmentTeam = R4G5TP45S2;
						ProvisioningStyle = Automatic;
						TestTargetID = EF9AC1B61E76DECF007B58FF;
					};
					EF9AC1D71E76DED0007B58FF = {
						CreatedOnToolsVersion = 8.2.1;
						DevelopmentTeam = R4G5TP45S2;
						ProvisioningStyle = Automatic;
						TestTargetID = EF9AC1B61E76DECF007B58FF;
					};
				};
			};
			buildConfigurationList = EF9AC1B21E76DECF007B58FF /* Build configuration list for PBXProject "CloudKit_Chat" */;
			compatibilityVersion = "Xcode 3.2";
			developmentRegion = English;
			hasScannedForEncodings = 0;
			knownRegions = (
				en,
				Base,
			);
			mainGroup = EF9AC1AE1E76DECF007B58FF;
			productRefGroup = EF9AC1B81E76DED0007B58FF /* Products */;
			projectDirPath = "";
			projectRoot = "";
			targets = (
				EF9AC1B61E76DECF007B58FF /* CloudKit_Chat */,
				EF9AC1CC1E76DED0007B58FF /* CloudKit_ChatTests */,
				EF9AC1D71E76DED0007B58FF /* CloudKit_ChatUITests */,
			);
		};
/* End PBXProject section */

/* Begin PBXResourcesBuildPhase section */
		EF9AC1B51E76DECF007B58FF /* Resources */ = {
			isa = PBXResourcesBuildPhase;
			buildActionMask = 2147483647;
			files = (
				EF9AC1C71E76DED0007B58FF /* LaunchScreen.storyboard in Resources */,
				EF9AC1C41E76DED0007B58FF /* Assets.xcassets in Resources */,
				EF9AC1C21E76DED0007B58FF /* Main.storyboard in Resources */,
			);
			runOnlyForDeploymentPostprocessing = 0;
		};
		EF9AC1CB1E76DED0007B58FF /* Resources */ = {
			isa = PBXResourcesBuildPhase;
			buildActionMask = 2147483647;
			files = (
			);
			runOnlyForDeploymentPostprocessing = 0;
		};
		EF9AC1D61E76DED0007B58FF /* Resources */ = {
			isa = PBXResourcesBuildPhase;
			buildActionMask = 2147483647;
			files = (
			);
			runOnlyForDeploymentPostprocessing = 0;
		};
/* End PBXResourcesBuildPhase section */

/* Begin PBXSourcesBuildPhase section */
		EF9AC1B31E76DECF007B58FF /* Sources */ = {
			isa = PBXSourcesBuildPhase;
			buildActionMask = 2147483647;
			files = (
				EF9AC1BF1E76DED0007B58FF /* ChatController.swift in Sources */,
				EF10E6551E7C1473003ABF5E /* ContactTableViewCell.swift in Sources */,
				EF9AC1BB1E76DED0007B58FF /* AppDelegate.swift in Sources */,
				EFFB2EDA1E77C2A4009AAC46 /* CloudController.swift in Sources */,
				EF9AC1BD1E76DED0007B58FF /* ContactsController.swift in Sources */,
				EF10E6571E7C27FE003ABF5E /* ProfileImageController.swift in Sources */,
			);
			runOnlyForDeploymentPostprocessing = 0;
		};
		EF9AC1C91E76DED0007B58FF /* Sources */ = {
			isa = PBXSourcesBuildPhase;
			buildActionMask = 2147483647;
			files = (
				EF9AC1D21E76DED0007B58FF /* CloudKit_ChatTests.swift in Sources */,
			);
			runOnlyForDeploymentPostprocessing = 0;
		};
		EF9AC1D41E76DED0007B58FF /* Sources */ = {
			isa = PBXSourcesBuildPhase;
			buildActionMask = 2147483647;
			files = (
				EF9AC1DD1E76DED0007B58FF /* CloudKit_ChatUITests.swift in Sources */,
			);
			runOnlyForDeploymentPostprocessing = 0;
		};
/* End PBXSourcesBuildPhase section */

/* Begin PBXTargetDependency section */
		EF9AC1CF1E76DED0007B58FF /* PBXTargetDependency */ = {
			isa = PBXTargetDependency;
			target = EF9AC1B61E76DECF007B58FF /* CloudKit_Chat */;
			targetProxy = EF9AC1CE1E76DED0007B58FF /* PBXContainerItemProxy */;
		};
		EF9AC1DA1E76DED0007B58FF /* PBXTargetDependency */ = {
			isa = PBXTargetDependency;
			target = EF9AC1B61E76DECF007B58FF /* CloudKit_Chat */;
			targetProxy = EF9AC1D91E76DED0007B58FF /* PBXContainerItemProxy */;
		};
/* End PBXTargetDependency section */

/* Begin PBXVariantGroup section */
		EF9AC1C01E76DED0007B58FF /* Main.storyboard */ = {
			isa = PBXVariantGroup;
			children = (
				EF9AC1C11E76DED0007B58FF /* Base */,
			);
			name = Main.storyboard;
			sourceTree = "<group>";
		};
		EF9AC1C51E76DED0007B58FF /* LaunchScreen.storyboard */ = {
			isa = PBXVariantGroup;
			children = (
				EF9AC1C61E76DED0007B58FF /* Base */,
			);
			name = LaunchScreen.storyboard;
			sourceTree = "<group>";
		};
/* End PBXVariantGroup section */

/* Begin XCBuildConfiguration section */
		EF9AC1DF1E76DED0007B58FF /* Debug */ = {
			isa = XCBuildConfiguration;
			buildSettings = {
				ALWAYS_SEARCH_USER_PATHS = NO;
				CLANG_ANALYZER_NONNULL = YES;
				CLANG_CXX_LANGUAGE_STANDARD = "gnu++0x";
				CLANG_CXX_LIBRARY = "libc++";
				CLANG_ENABLE_MODULES = YES;
				CLANG_ENABLE_OBJC_ARC = YES;
				CLANG_WARN_BOOL_CONVERSION = YES;
				CLANG_WARN_CONSTANT_CONVERSION = YES;
				CLANG_WARN_DIRECT_OBJC_ISA_USAGE = YES_ERROR;
				CLANG_WARN_DOCUMENTATION_COMMENTS = YES;
				CLANG_WARN_EMPTY_BODY = YES;
				CLANG_WARN_ENUM_CONVERSION = YES;
				CLANG_WARN_INFINITE_RECURSION = YES;
				CLANG_WARN_INT_CONVERSION = YES;
				CLANG_WARN_OBJC_ROOT_CLASS = YES_ERROR;
				CLANG_WARN_SUSPICIOUS_MOVE = YES;
				CLANG_WARN_UNREACHABLE_CODE = YES;
				CLANG_WARN__DUPLICATE_METHOD_MATCH = YES;
				"CODE_SIGN_IDENTITY[sdk=iphoneos*]" = "iPhone Developer";
				COPY_PHASE_STRIP = NO;
				DEBUG_INFORMATION_FORMAT = dwarf;
				ENABLE_STRICT_OBJC_MSGSEND = YES;
				ENABLE_TESTABILITY = YES;
				GCC_C_LANGUAGE_STANDARD = gnu99;
				GCC_DYNAMIC_NO_PIC = NO;
				GCC_NO_COMMON_BLOCKS = YES;
				GCC_OPTIMIZATION_LEVEL = 0;
				GCC_PREPROCESSOR_DEFINITIONS = (
					"DEBUG=1",
					"$(inherited)",
				);
				GCC_WARN_64_TO_32_BIT_CONVERSION = YES;
				GCC_WARN_ABOUT_RETURN_TYPE = YES_ERROR;
				GCC_WARN_UNDECLARED_SELECTOR = YES;
				GCC_WARN_UNINITIALIZED_AUTOS = YES_AGGRESSIVE;
				GCC_WARN_UNUSED_FUNCTION = YES;
				GCC_WARN_UNUSED_VARIABLE = YES;
				IPHONEOS_DEPLOYMENT_TARGET = 10.2;
				MTL_ENABLE_DEBUG_INFO = YES;
				ONLY_ACTIVE_ARCH = YES;
				SDKROOT = iphoneos;
				SWIFT_ACTIVE_COMPILATION_CONDITIONS = DEBUG;
				SWIFT_OPTIMIZATION_LEVEL = "-Onone";
				TARGETED_DEVICE_FAMILY = "1,2";
			};
			name = Debug;
		};
		EF9AC1E01E76DED0007B58FF /* Release */ = {
			isa = XCBuildConfiguration;
			buildSettings = {
				ALWAYS_SEARCH_USER_PATHS = NO;
				CLANG_ANALYZER_NONNULL = YES;
				CLANG_CXX_LANGUAGE_STANDARD = "gnu++0x";
				CLANG_CXX_LIBRARY = "libc++";
				CLANG_ENABLE_MODULES = YES;
				CLANG_ENABLE_OBJC_ARC = YES;
				CLANG_WARN_BOOL_CONVERSION = YES;
				CLANG_WARN_CONSTANT_CONVERSION = YES;
				CLANG_WARN_DIRECT_OBJC_ISA_USAGE = YES_ERROR;
				CLANG_WARN_DOCUMENTATION_COMMENTS = YES;
				CLANG_WARN_EMPTY_BODY = YES;
				CLANG_WARN_ENUM_CONVERSION = YES;
				CLANG_WARN_INFINITE_RECURSION = YES;
				CLANG_WARN_INT_CONVERSION = YES;
				CLANG_WARN_OBJC_ROOT_CLASS = YES_ERROR;
				CLANG_WARN_SUSPICIOUS_MOVE = YES;
				CLANG_WARN_UNREACHABLE_CODE = YES;
				CLANG_WARN__DUPLICATE_METHOD_MATCH = YES;
				"CODE_SIGN_IDENTITY[sdk=iphoneos*]" = "iPhone Developer";
				COPY_PHASE_STRIP = NO;
				DEBUG_INFORMATION_FORMAT = "dwarf-with-dsym";
				ENABLE_NS_ASSERTIONS = NO;
				ENABLE_STRICT_OBJC_MSGSEND = YES;
				GCC_C_LANGUAGE_STANDARD = gnu99;
				GCC_NO_COMMON_BLOCKS = YES;
				GCC_WARN_64_TO_32_BIT_CONVERSION = YES;
				GCC_WARN_ABOUT_RETURN_TYPE = YES_ERROR;
				GCC_WARN_UNDECLARED_SELECTOR = YES;
				GCC_WARN_UNINITIALIZED_AUTOS = YES_AGGRESSIVE;
				GCC_WARN_UNUSED_FUNCTION = YES;
				GCC_WARN_UNUSED_VARIABLE = YES;
				IPHONEOS_DEPLOYMENT_TARGET = 10.2;
				MTL_ENABLE_DEBUG_INFO = NO;
				SDKROOT = iphoneos;
				SWIFT_OPTIMIZATION_LEVEL = "-Owholemodule";
				TARGETED_DEVICE_FAMILY = "1,2";
				VALIDATE_PRODUCT = YES;
			};
			name = Release;
		};
		EF9AC1E21E76DED0007B58FF /* Debug */ = {
			isa = XCBuildConfiguration;
			buildSettings = {
				ASSETCATALOG_COMPILER_APPICON_NAME = AppIcon;
				CODE_SIGN_ENTITLEMENTS = CloudKit_Chat/CloudKit_Chat.entitlements;
				DEVELOPMENT_TEAM = R4G5TP45S2;
				INFOPLIST_FILE = CloudKit_Chat/Info.plist;
				LD_RUNPATH_SEARCH_PATHS = "$(inherited) @executable_path/Frameworks";
				PRODUCT_BUNDLE_IDENTIFIER = "com.alan-systems.CloudKit-Chat";
				PRODUCT_NAME = "$(TARGET_NAME)";
				SWIFT_VERSION = 3.0;
			};
			name = Debug;
		};
		EF9AC1E31E76DED0007B58FF /* Release */ = {
			isa = XCBuildConfiguration;
			buildSettings = {
				ASSETCATALOG_COMPILER_APPICON_NAME = AppIcon;
				CODE_SIGN_ENTITLEMENTS = CloudKit_Chat/CloudKit_Chat.entitlements;
				DEVELOPMENT_TEAM = R4G5TP45S2;
				INFOPLIST_FILE = CloudKit_Chat/Info.plist;
				LD_RUNPATH_SEARCH_PATHS = "$(inherited) @executable_path/Frameworks";
				PRODUCT_BUNDLE_IDENTIFIER = "com.alan-systems.CloudKit-Chat";
				PRODUCT_NAME = "$(TARGET_NAME)";
				SWIFT_VERSION = 3.0;
			};
			name = Release;
		};
		EF9AC1E51E76DED0007B58FF /* Debug */ = {
			isa = XCBuildConfiguration;
			buildSettings = {
				ALWAYS_EMBED_SWIFT_STANDARD_LIBRARIES = YES;
				BUNDLE_LOADER = "$(TEST_HOST)";
				DEVELOPMENT_TEAM = R4G5TP45S2;
				INFOPLIST_FILE = CloudKit_ChatTests/Info.plist;
				LD_RUNPATH_SEARCH_PATHS = "$(inherited) @executable_path/Frameworks @loader_path/Frameworks";
				PRODUCT_BUNDLE_IDENTIFIER = "com.alan-systems.CloudKit-ChatTests";
				PRODUCT_NAME = "$(TARGET_NAME)";
				SWIFT_VERSION = 3.0;
				TEST_HOST = "$(BUILT_PRODUCTS_DIR)/CloudKit_Chat.app/CloudKit_Chat";
			};
			name = Debug;
		};
		EF9AC1E61E76DED0007B58FF /* Release */ = {
			isa = XCBuildConfiguration;
			buildSettings = {
				ALWAYS_EMBED_SWIFT_STANDARD_LIBRARIES = YES;
				BUNDLE_LOADER = "$(TEST_HOST)";
				DEVELOPMENT_TEAM = R4G5TP45S2;
				INFOPLIST_FILE = CloudKit_ChatTests/Info.plist;
				LD_RUNPATH_SEARCH_PATHS = "$(inherited) @executable_path/Frameworks @loader_path/Frameworks";
				PRODUCT_BUNDLE_IDENTIFIER = "com.alan-systems.CloudKit-ChatTests";
				PRODUCT_NAME = "$(TARGET_NAME)";
				SWIFT_VERSION = 3.0;
				TEST_HOST = "$(BUILT_PRODUCTS_DIR)/CloudKit_Chat.app/CloudKit_Chat";
			};
			name = Release;
		};
		EF9AC1E81E76DED0007B58FF /* Debug */ = {
			isa = XCBuildConfiguration;
			buildSettings = {
				ALWAYS_EMBED_SWIFT_STANDARD_LIBRARIES = YES;
				DEVELOPMENT_TEAM = R4G5TP45S2;
				INFOPLIST_FILE = CloudKit_ChatUITests/Info.plist;
				LD_RUNPATH_SEARCH_PATHS = "$(inherited) @executable_path/Frameworks @loader_path/Frameworks";
				PRODUCT_BUNDLE_IDENTIFIER = "com.alan-systems.CloudKit-ChatUITests";
				PRODUCT_NAME = "$(TARGET_NAME)";
				SWIFT_VERSION = 3.0;
				TEST_TARGET_NAME = CloudKit_Chat;
			};
			name = Debug;
		};
		EF9AC1E91E76DED0007B58FF /* Release */ = {
			isa = XCBuildConfiguration;
			buildSettings = {
				ALWAYS_EMBED_SWIFT_STANDARD_LIBRARIES = YES;
				DEVELOPMENT_TEAM = R4G5TP45S2;
				INFOPLIST_FILE = CloudKit_ChatUITests/Info.plist;
				LD_RUNPATH_SEARCH_PATHS = "$(inherited) @executable_path/Frameworks @loader_path/Frameworks";
				PRODUCT_BUNDLE_IDENTIFIER = "com.alan-systems.CloudKit-ChatUITests";
				PRODUCT_NAME = "$(TARGET_NAME)";
				SWIFT_VERSION = 3.0;
				TEST_TARGET_NAME = CloudKit_Chat;
			};
			name = Release;
		};
/* End XCBuildConfiguration section */

/* Begin XCConfigurationList section */
		EF9AC1B21E76DECF007B58FF /* Build configuration list for PBXProject "CloudKit_Chat" */ = {
			isa = XCConfigurationList;
			buildConfigurations = (
				EF9AC1DF1E76DED0007B58FF /* Debug */,
				EF9AC1E01E76DED0007B58FF /* Release */,
			);
			defaultConfigurationIsVisible = 0;
			defaultConfigurationName = Release;
		};
		EF9AC1E11E76DED0007B58FF /* Build configuration list for PBXNativeTarget "CloudKit_Chat" */ = {
			isa = XCConfigurationList;
			buildConfigurations = (
				EF9AC1E21E76DED0007B58FF /* Debug */,
				EF9AC1E31E76DED0007B58FF /* Release */,
			);
			defaultConfigurationIsVisible = 0;
			defaultConfigurationName = Release;
		};
		EF9AC1E41E76DED0007B58FF /* Build configuration list for PBXNativeTarget "CloudKit_ChatTests" */ = {
			isa = XCConfigurationList;
			buildConfigurations = (
				EF9AC1E51E76DED0007B58FF /* Debug */,
				EF9AC1E61E76DED0007B58FF /* Release */,
			);
			defaultConfigurationIsVisible = 0;
			defaultConfigurationName = Release;
		};
		EF9AC1E71E76DED0007B58FF /* Build configuration list for PBXNativeTarget "CloudKit_ChatUITests" */ = {
			isa = XCConfigurationList;
			buildConfigurations = (
				EF9AC1E81E76DED0007B58FF /* Debug */,
				EF9AC1E91E76DED0007B58FF /* Release */,
			);
			defaultConfigurationIsVisible = 0;
			defaultConfigurationName = Release;
		};
/* End XCConfigurationList section */
	};
	rootObject = EF9AC1AF1E76DECF007B58FF /* Project object */;
}
